
Microsoft Visual Studio Solution File, Format Version 12.00
# Visual Studio 15
VisualStudioVersion = 15.0.27428.2015
MinimumVisualStudioVersion = 10.0.40219.1
Project("{FAE04EC0-301F-11D3-BF4B-00C04F79EFBC}") = "CleanBinAndObj", "CleanBinAndObj\CleanBinAndObj.csproj", "{747D54A7-868F-4E90-AC65-D1A5F3D0B053}"
EndProject
Global
	GlobalSection(SolutionConfigurationPlatforms) = preSolution
		Debug|Any CPU = Debug|Any CPU
		Release|Any CPU = Release|Any CPU
	EndGlobalSection
	GlobalSection(ProjectConfigurationPlatforms) = postSolution
		{747D54A7-868F-4E90-AC65-D1A5F3D0B053}.Debug|Any CPU.ActiveCfg = Debug|Any CPU
		{747D54A7-868F-4E90-AC65-D1A5F3D0B053}.Debug|Any CPU.Build.0 = Debug|Any CPU
		{747D54A7-868F-4E90-AC65-D1A5F3D0B053}.Release|Any CPU.ActiveCfg = Release|Any CPU
		{747D54A7-868F-4E90-AC65-D1A5F3D0B053}.Release|Any CPU.Build.0 = Release|Any CPU
	EndGlobalSection
	GlobalSection(SolutionProperties) = preSolution
		HideSolutionNode = FALSE
	EndGlobalSection
	GlobalSection(ExtensibilityGlobals) = postSolution
		SolutionGuid = {4AC7B932-2F0B-4CB1-B65B-4A3A526C36A2}
	EndGlobalSection
EndGlobal
